
Microsoft Visual Studio Solution File, Format Version 12.00
# Visual Studio Version 17
VisualStudioVersion = 17.7.34202.233
MinimumVisualStudioVersion = 10.0.40219.1
Project("{FAE04EC0-301F-11D3-BF4B-00C04F79EFBC}") = "sifreli_veriler", "sifreli_veriler\sifreli_veriler.csproj", "{DD979069-C097-464F-A6E5-B9FEBCA49C11}"
EndProject
Global
	GlobalSection(SolutionConfigurationPlatforms) = preSolution
		Debug|Any CPU = Debug|Any CPU
		Release|Any CPU = Release|Any CPU
	EndGlobalSection
	GlobalSection(ProjectConfigurationPlatforms) = postSolution
		{DD979069-C097-464F-A6E5-B9FEBCA49C11}.Debug|Any CPU.ActiveCfg = Debug|Any CPU
		{DD979069-C097-464F-A6E5-B9FEBCA49C11}.Debug|Any CPU.Build.0 = Debug|Any CPU
		{DD979069-C097-464F-A6E5-B9FEBCA49C11}.Release|Any CPU.ActiveCfg = Release|Any CPU
		{DD979069-C097-464F-A6E5-B9FEBCA49C11}.Release|Any CPU.Build.0 = Release|Any CPU
	EndGlobalSection
	GlobalSection(SolutionProperties) = preSolution
		HideSolutionNode = FALSE
	EndGlobalSection
	GlobalSection(ExtensibilityGlobals) = postSolution
		SolutionGuid = {A8A03937-ED25-4DD2-B163-6F86B88FB974}
	EndGlobalSection
EndGlobal
